
Microsoft Visual Studio Solution File, Format Version 12.00
# Visual Studio Version 17
VisualStudioVersion = 17.4.33403.182
MinimumVisualStudioVersion = 10.0.40219.1
Project("{9A19103F-16F7-4668-BE54-9A1E7A4F7556}") = "Chatbot", "Chatbot\Chatbot.csproj", "{214AE0C1-B634-4D32-855A-4A6DE4A462BB}"
EndProject
Project("{2150E333-8FDC-42A3-9474-1A3956D46DE8}") = "Solution Items", "Solution Items", "{937B59EB-B5E1-4FDE-8ED1-154F6A91559E}"
	ProjectSection(SolutionItems) = preProject
		README.md = README.md
	EndProjectSection
EndProject
Global
	GlobalSection(SolutionConfigurationPlatforms) = preSolution
		Debug|Any CPU = Debug|Any CPU
		Release|Any CPU = Release|Any CPU
	EndGlobalSection
	GlobalSection(ProjectConfigurationPlatforms) = postSolution
		{214AE0C1-B634-4D32-855A-4A6DE4A462BB}.Debug|Any CPU.ActiveCfg = Debug|Any CPU
		{214AE0C1-B634-4D32-855A-4A6DE4A462BB}.Debug|Any CPU.Build.0 = Debug|Any CPU
		{214AE0C1-B634-4D32-855A-4A6DE4A462BB}.Release|Any CPU.ActiveCfg = Release|Any CPU
		{214AE0C1-B634-4D32-855A-4A6DE4A462BB}.Release|Any CPU.Build.0 = Release|Any CPU
	EndGlobalSection
	GlobalSection(SolutionProperties) = preSolution
		HideSolutionNode = FALSE
	EndGlobalSection
	GlobalSection(ExtensibilityGlobals) = postSolution
		SolutionGuid = {CB480D56-9091-4BEA-AD19-45EC66D55371}
	EndGlobalSection
EndGlobal
